// !$*UTF8*$!
{
	archiveVersion = 1;
	classes = {
	};
	objectVersion = 46;
	objects = {

/* Begin PBXBuildFile section */
		3F4831031F15EE2200784D6C /* AppDelegate.swift in Sources */ = {isa = PBXBuildFile; fileRef = 3F4831021F15EE2200784D6C /* AppDelegate.swift */; };
		3F4831051F15EE2200784D6C /* ViewController.swift in Sources */ = {isa = PBXBuildFile; fileRef = 3F4831041F15EE2200784D6C /* ViewController.swift */; };
		3F4831081F15EE2200784D6C /* Main.storyboard in Resources */ = {isa = PBXBuildFile; fileRef = 3F4831061F15EE2200784D6C /* Main.storyboard */; };
		3F48310A1F15EE2200784D6C /* Assets.xcassets in Resources */ = {isa = PBXBuildFile; fileRef = 3F4831091F15EE2200784D6C /* Assets.xcassets */; };
		3F48310D1F15EE2200784D6C /* LaunchScreen.storyboard in Resources */ = {isa = PBXBuildFile; fileRef = 3F48310B1F15EE2200784D6C /* LaunchScreen.storyboard */; };
		3F4831151F15EF7600784D6C /* ViewTransformViewController.swift in Sources */ = {isa = PBXBuildFile; fileRef = 3F4831141F15EF7600784D6C /* ViewTransformViewController.swift */; };
		3F4831171F1858EC00784D6C /* CoreAnimationViewController.swift in Sources */ = {isa = PBXBuildFile; fileRef = 3F4831161F1858EC00784D6C /* CoreAnimationViewController.swift */; };
		3F4831191F1B895300784D6C /* BezierPathViewController.swift in Sources */ = {isa = PBXBuildFile; fileRef = 3F4831181F1B895300784D6C /* BezierPathViewController.swift */; };
		3F48311B1F1BA28D00784D6C /* BezierView.swift in Sources */ = {isa = PBXBuildFile; fileRef = 3F48311A1F1BA28D00784D6C /* BezierView.swift */; };
/* End PBXBuildFile section */

/* Begin PBXFileReference section */
		3F4830FF1F15EE2200784D6C /* UIDemoWithSwift.app */ = {isa = PBXFileReference; explicitFileType = wrapper.application; includeInIndex = 0; path = UIDemoWithSwift.app; sourceTree = BUILT_PRODUCTS_DIR; };
		3F4831021F15EE2200784D6C /* AppDelegate.swift */ = {isa = PBXFileReference; lastKnownFileType = sourcecode.swift; path = AppDelegate.swift; sourceTree = "<group>"; };
		3F4831041F15EE2200784D6C /* ViewController.swift */ = {isa = PBXFileReference; lastKnownFileType = sourcecode.swift; path = ViewController.swift; sourceTree = "<group>"; };
		3F4831071F15EE2200784D6C /* Base */ = {isa = PBXFileReference; lastKnownFileType = file.storyboard; name = Base; path = Base.lproj/Main.storyboard; sourceTree = "<group>"; };
		3F4831091F15EE2200784D6C /* Assets.xcassets */ = {isa = PBXFileReference; lastKnownFileType = folder.assetcatalog; path = Assets.xcassets; sourceTree = "<group>"; };
		3F48310C1F15EE2200784D6C /* Base */ = {isa = PBXFileReference; lastKnownFileType = file.storyboard; name = Base; path = Base.lproj/LaunchScreen.storyboard; sourceTree = "<group>"; };
		3F48310E1F15EE2200784D6C /* Info.plist */ = {isa = PBXFileReference; lastKnownFileType = text.plist.xml; path = Info.plist; sourceTree = "<group>"; };
		3F4831141F15EF7600784D6C /* ViewTransformViewController.swift */ = {isa = PBXFileReference; fileEncoding = 4; lastKnownFileType = sourcecode.swift; path = ViewTransformViewController.swift; sourceTree = "<group>"; };
		3F4831161F1858EC00784D6C /* CoreAnimationViewController.swift */ = {isa = PBXFileReference; fileEncoding = 4; lastKnownFileType = sourcecode.swift; path = CoreAnimationViewController.swift; sourceTree = "<group>"; };
		3F4831181F1B895300784D6C /* BezierPathViewController.swift */ = {isa = PBXFileReference; fileEncoding = 4; lastKnownFileType = sourcecode.swift; path = BezierPathViewController.swift; sourceTree = "<group>"; };
		3F48311A1F1BA28D00784D6C /* BezierView.swift */ = {isa = PBXFileReference; fileEncoding = 4; lastKnownFileType = sourcecode.swift; path = BezierView.swift; sourceTree = "<group>"; };
/* End PBXFileReference section */

/* Begin PBXFrameworksBuildPhase section */
		3F4830FC1F15EE2200784D6C /* Frameworks */ = {
			isa = PBXFrameworksBuildPhase;
			buildActionMask = 2147483647;
			files = (
			);
			runOnlyForDeploymentPostprocessing = 0;
		};
/* End PBXFrameworksBuildPhase section */

/* Begin PBXGroup section */
		3F4830F61F15EE2200784D6C = {
			isa = PBXGroup;
			children = (
				3F4831011F15EE2200784D6C /* UIDemoWithSwift */,
				3F4831001F15EE2200784D6C /* Products */,
			);
			sourceTree = "<group>";
		};
		3F4831001F15EE2200784D6C /* Products */ = {
			isa = PBXGroup;
			children = (
				3F4830FF1F15EE2200784D6C /* UIDemoWithSwift.app */,
			);
			name = Products;
			sourceTree = "<group>";
		};
		3F4831011F15EE2200784D6C /* UIDemoWithSwift */ = {
			isa = PBXGroup;
			children = (
				3F4831021F15EE2200784D6C /* AppDelegate.swift */,
				3F4831041F15EE2200784D6C /* ViewController.swift */,
				3F4831061F15EE2200784D6C /* Main.storyboard */,
				3F4831091F15EE2200784D6C /* Assets.xcassets */,
				3F48310B1F15EE2200784D6C /* LaunchScreen.storyboard */,
				3F48310E1F15EE2200784D6C /* Info.plist */,
				3F4831141F15EF7600784D6C /* ViewTransformViewController.swift */,
				3F4831161F1858EC00784D6C /* CoreAnimationViewController.swift */,
				3F4831181F1B895300784D6C /* BezierPathViewController.swift */,
				3F48311A1F1BA28D00784D6C /* BezierView.swift */,
			);
			path = UIDemoWithSwift;
			sourceTree = "<group>";
		};
/* End PBXGroup section */

/* Begin PBXNativeTarget section */
		3F4830FE1F15EE2200784D6C /* UIDemoWithSwift */ = {
			isa = PBXNativeTarget;
			buildConfigurationList = 3F4831111F15EE2200784D6C /* Build configuration list for PBXNativeTarget "UIDemoWithSwift" */;
			buildPhases = (
				3F4830FB1F15EE2200784D6C /* Sources */,
				3F4830FC1F15EE2200784D6C /* Frameworks */,
				3F4830FD1F15EE2200784D6C /* Resources */,
			);
			buildRules = (
			);
			dependencies = (
			);
			name = UIDemoWithSwift;
			productName = UIDemoWithSwift;
			productReference = 3F4830FF1F15EE2200784D6C /* UIDemoWithSwift.app */;
			productType = "com.apple.product-type.application";
		};
/* End PBXNativeTarget section */

/* Begin PBXProject section */
		3F4830F71F15EE2200784D6C /* Project object */ = {
			isa = PBXProject;
			attributes = {
				LastSwiftUpdateCheck = 0830;
				LastUpgradeCheck = 0830;
				ORGANIZATIONNAME = jing;
				TargetAttributes = {
					3F4830FE1F15EE2200784D6C = {
						CreatedOnToolsVersion = 8.3.3;
						DevelopmentTeam = 8982T47U8J;
						ProvisioningStyle = Automatic;
					};
				};
			};
			buildConfigurationList = 3F4830FA1F15EE2200784D6C /* Build configuration list for PBXProject "UIDemoWithSwift" */;
			compatibilityVersion = "Xcode 3.2";
			developmentRegion = English;
			hasScannedForEncodings = 0;
			knownRegions = (
				en,
				Base,
			);
			mainGroup = 3F4830F61F15EE2200784D6C;
			productRefGroup = 3F4831001F15EE2200784D6C /* Products */;
			projectDirPath = "";
			projectRoot = "";
			targets = (
				3F4830FE1F15EE2200784D6C /* UIDemoWithSwift */,
			);
		};
/* End PBXProject section */

/* Begin PBXResourcesBuildPhase section */
		3F4830FD1F15EE2200784D6C /* Resources */ = {
			isa = PBXResourcesBuildPhase;
			buildActionMask = 2147483647;
			files = (
				3F48310D1F15EE2200784D6C /* LaunchScreen.storyboard in Resources */,
				3F48310A1F15EE2200784D6C /* Assets.xcassets in Resources */,
				3F4831081F15EE2200784D6C /* Main.storyboard in Resources */,
			);
			runOnlyForDeploymentPostprocessing = 0;
		};
/* End PBXResourcesBuildPhase section */

/* Begin PBXSourcesBuildPhase section */
		3F4830FB1F15EE2200784D6C /* Sources */ = {
			isa = PBXSourcesBuildPhase;
			buildActionMask = 2147483647;
			files = (
				3F4831191F1B895300784D6C /* BezierPathViewController.swift in Sources */,
				3F48311B1F1BA28D00784D6C /* BezierView.swift in Sources */,
				3F4831171F1858EC00784D6C /* CoreAnimationViewController.swift in Sources */,
				3F4831151F15EF7600784D6C /* ViewTransformViewController.swift in Sources */,
				3F4831051F15EE2200784D6C /* ViewController.swift in Sources */,
				3F4831031F15EE2200784D6C /* AppDelegate.swift in Sources */,
			);
			runOnlyForDeploymentPostprocessing = 0;
		};
/* End PBXSourcesBuildPhase section */

/* Begin PBXVariantGroup section */
		3F4831061F15EE2200784D6C /* Main.storyboard */ = {
			isa = PBXVariantGroup;
			children = (
				3F4831071F15EE2200784D6C /* Base */,
			);
			name = Main.storyboard;
			sourceTree = "<group>";
		};
		3F48310B1F15EE2200784D6C /* LaunchScreen.storyboard */ = {
			isa = PBXVariantGroup;
			children = (
				3F48310C1F15EE2200784D6C /* Base */,
			);
			name = LaunchScreen.storyboard;
			sourceTree = "<group>";
		};
/* End PBXVariantGroup section */

/* Begin XCBuildConfiguration section */
		3F48310F1F15EE2200784D6C /* Debug */ = {
			isa = XCBuildConfiguration;
			buildSettings = {
				ALWAYS_SEARCH_USER_PATHS = NO;
				CLANG_ANALYZER_NONNULL = YES;
				CLANG_ANALYZER_NUMBER_OBJECT_CONVERSION = YES_AGGRESSIVE;
				CLANG_CXX_LANGUAGE_STANDARD = "gnu++0x";
				CLANG_CXX_LIBRARY = "libc++";
				CLANG_ENABLE_MODULES = YES;
				CLANG_ENABLE_OBJC_ARC = YES;
				CLANG_WARN_BOOL_CONVERSION = YES;
				CLANG_WARN_CONSTANT_CONVERSION = YES;
				CLANG_WARN_DIRECT_OBJC_ISA_USAGE = YES_ERROR;
				CLANG_WARN_DOCUMENTATION_COMMENTS = YES;
				CLANG_WARN_EMPTY_BODY = YES;
				CLANG_WARN_ENUM_CONVERSION = YES;
				CLANG_WARN_INFINITE_RECURSION = YES;
				CLANG_WARN_INT_CONVERSION = YES;
				CLANG_WARN_OBJC_ROOT_CLASS = YES_ERROR;
				CLANG_WARN_SUSPICIOUS_MOVE = YES;
				CLANG_WARN_UNREACHABLE_CODE = YES;
				CLANG_WARN__DUPLICATE_METHOD_MATCH = YES;
				"CODE_SIGN_IDENTITY[sdk=iphoneos*]" = "iPhone Developer";
				COPY_PHASE_STRIP = NO;
				DEBUG_INFORMATION_FORMAT = dwarf;
				ENABLE_STRICT_OBJC_MSGSEND = YES;
				ENABLE_TESTABILITY = YES;
				GCC_C_LANGUAGE_STANDARD = gnu99;
				GCC_DYNAMIC_NO_PIC = NO;
				GCC_NO_COMMON_BLOCKS = YES;
				GCC_OPTIMIZATION_LEVEL = 0;
				GCC_PREPROCESSOR_DEFINITIONS = (
					"DEBUG=1",
					"$(inherited)",
				);
				GCC_WARN_64_TO_32_BIT_CONVERSION = YES;
				GCC_WARN_ABOUT_RETURN_TYPE = YES_ERROR;
				GCC_WARN_UNDECLARED_SELECTOR = YES;
				GCC_WARN_UNINITIALIZED_AUTOS = YES_AGGRESSIVE;
				GCC_WARN_UNUSED_FUNCTION = YES;
				GCC_WARN_UNUSED_VARIABLE = YES;
				IPHONEOS_DEPLOYMENT_TARGET = 10.3;
				MTL_ENABLE_DEBUG_INFO = YES;
				ONLY_ACTIVE_ARCH = YES;
				SDKROOT = iphoneos;
				SWIFT_ACTIVE_COMPILATION_CONDITIONS = DEBUG;
				SWIFT_OPTIMIZATION_LEVEL = "-Onone";
			};
			name = Debug;
		};
		3F4831101F15EE2200784D6C /* Release */ = {
			isa = XCBuildConfiguration;
			buildSettings = {
				ALWAYS_SEARCH_USER_PATHS = NO;
				CLANG_ANALYZER_NONNULL = YES;
				CLANG_ANALYZER_NUMBER_OBJECT_CONVERSION = YES_AGGRESSIVE;
				CLANG_CXX_LANGUAGE_STANDARD = "gnu++0x";
				CLANG_CXX_LIBRARY = "libc++";
				CLANG_ENABLE_MODULES = YES;
				CLANG_ENABLE_OBJC_ARC = YES;
				CLANG_WARN_BOOL_CONVERSION = YES;
				CLANG_WARN_CONSTANT_CONVERSION = YES;
				CLANG_WARN_DIRECT_OBJC_ISA_USAGE = YES_ERROR;
				CLANG_WARN_DOCUMENTATION_COMMENTS = YES;
				CLANG_WARN_EMPTY_BODY = YES;
				CLANG_WARN_ENUM_CONVERSION = YES;
				CLANG_WARN_INFINITE_RECURSION = YES;
				CLANG_WARN_INT_CONVERSION = YES;
				CLANG_WARN_OBJC_ROOT_CLASS = YES_ERROR;
				CLANG_WARN_SUSPICIOUS_MOVE = YES;
				CLANG_WARN_UNREACHABLE_CODE = YES;
				CLANG_WARN__DUPLICATE_METHOD_MATCH = YES;
				"CODE_SIGN_IDENTITY[sdk=iphoneos*]" = "iPhone Developer";
				COPY_PHASE_STRIP = NO;
				DEBUG_INFORMATION_FORMAT = "dwarf-with-dsym";
				ENABLE_NS_ASSERTIONS = NO;
				ENABLE_STRICT_OBJC_MSGSEND = YES;
				GCC_C_LANGUAGE_STANDARD = gnu99;
				GCC_NO_COMMON_BLOCKS = YES;
				GCC_WARN_64_TO_32_BIT_CONVERSION = YES;
				GCC_WARN_ABOUT_RETURN_TYPE = YES_ERROR;
				GCC_WARN_UNDECLARED_SELECTOR = YES;
				GCC_WARN_UNINITIALIZED_AUTOS = YES_AGGRESSIVE;
				GCC_WARN_UNUSED_FUNCTION = YES;
				GCC_WARN_UNUSED_VARIABLE = YES;
				IPHONEOS_DEPLOYMENT_TARGET = 10.3;
				MTL_ENABLE_DEBUG_INFO = NO;
				SDKROOT = iphoneos;
				SWIFT_OPTIMIZATION_LEVEL = "-Owholemodule";
				VALIDATE_PRODUCT = YES;
			};
			name = Release;
		};
		3F4831121F15EE2200784D6C /* Debug */ = {
			isa = XCBuildConfiguration;
			buildSettings = {
				ASSETCATALOG_COMPILER_APPICON_NAME = AppIcon;
				DEVELOPMENT_TEAM = 8982T47U8J;
				INFOPLIST_FILE = UIDemoWithSwift/Info.plist;
				LD_RUNPATH_SEARCH_PATHS = "$(inherited) @executable_path/Frameworks";
				PRODUCT_BUNDLE_IDENTIFIER = iHealth.UIDemoWithSwift;
				PRODUCT_NAME = "$(TARGET_NAME)";
				SWIFT_VERSION = 3.0;
			};
			name = Debug;
		};
		3F4831131F15EE2200784D6C /* Release */ = {
			isa = XCBuildConfiguration;
			buildSettings = {
				ASSETCATALOG_COMPILER_APPICON_NAME = AppIcon;
				DEVELOPMENT_TEAM = 8982T47U8J;
				INFOPLIST_FILE = UIDemoWithSwift/Info.plist;
				LD_RUNPATH_SEARCH_PATHS = "$(inherited) @executable_path/Frameworks";
				PRODUCT_BUNDLE_IDENTIFIER = iHealth.UIDemoWithSwift;
				PRODUCT_NAME = "$(TARGET_NAME)";
				SWIFT_VERSION = 3.0;
			};
			name = Release;
		};
/* End XCBuildConfiguration section */

/* Begin XCConfigurationList section */
		3F4830FA1F15EE2200784D6C /* Build configuration list for PBXProject "UIDemoWithSwift" */ = {
			isa = XCConfigurationList;
			buildConfigurations = (
				3F48310F1F15EE2200784D6C /* Debug */,
				3F4831101F15EE2200784D6C /* Release */,
			);
			defaultConfigurationIsVisible = 0;
			defaultConfigurationName = Release;
		};
		3F4831111F15EE2200784D6C /* Build configuration list for PBXNativeTarget "UIDemoWithSwift" */ = {
			isa = XCConfigurationList;
			buildConfigurations = (
				3F4831121F15EE2200784D6C /* Debug */,
				3F4831131F15EE2200784D6C /* Release */,
			);
			defaultConfigurationIsVisible = 0;
			defaultConfigurationName = Release;
		};
/* End XCConfigurationList section */
	};
	rootObject = 3F4830F71F15EE2200784D6C /* Project object */;
}
